
Microsoft Visual Studio Solution File, Format Version 12.00
# Visual Studio Version 17
VisualStudioVersion = 15.0.28307.902
MinimumVisualStudioVersion = 10.0.40219.1
Project("{FAE04EC0-301F-11D3-BF4B-00C04F79EFBC}") = "GithubDLCountNotification", "GithubDLCountNotification\GithubDLCountNotification.csproj", "{EA1BEDF5-8438-434D-AB31-8818AC433B4C}"
EndProject
Global
	GlobalSection(SolutionConfigurationPlatforms) = preSolution
		Debug|Any CPU = Debug|Any CPU
		Release|Any CPU = Release|Any CPU
	EndGlobalSection
	GlobalSection(ProjectConfigurationPlatforms) = postSolution
		{EA1BEDF5-8438-434D-AB31-8818AC433B4C}.Debug|Any CPU.ActiveCfg = Debug|Any CPU
		{EA1BEDF5-8438-434D-AB31-8818AC433B4C}.Debug|Any CPU.Build.0 = Debug|Any CPU
		{EA1BEDF5-8438-434D-AB31-8818AC433B4C}.Release|Any CPU.ActiveCfg = Release|Any CPU
		{EA1BEDF5-8438-434D-AB31-8818AC433B4C}.Release|Any CPU.Build.0 = Release|Any CPU
	EndGlobalSection
	GlobalSection(SolutionProperties) = preSolution
		HideSolutionNode = FALSE
	EndGlobalSection
	GlobalSection(ExtensibilityGlobals) = postSolution
		SolutionGuid = {4C785A26-BF04-4263-9610-AB7BF7BD9E6A}
	EndGlobalSection
EndGlobal
